
Microsoft Visual Studio Solution File, Format Version 12.00
# Visual Studio Version 17
VisualStudioVersion = 17.14.35906.104 d17.14
MinimumVisualStudioVersion = 10.0.40219.1
Project("{FAE04EC0-301F-11D3-BF4B-00C04F79EFBC}") = "Tutorial Console App", "Tutorial Console App.csproj", "{8A0D1B5B-C70F-4F4F-932F-C01ADA0F0287}"
EndProject
Global
	GlobalSection(SolutionConfigurationPlatforms) = preSolution
		Debug|Any CPU = Debug|Any CPU
		Release|Any CPU = Release|Any CPU
	EndGlobalSection
	GlobalSection(ProjectConfigurationPlatforms) = postSolution
		{8A0D1B5B-C70F-4F4F-932F-C01ADA0F0287}.Debug|Any CPU.ActiveCfg = Debug|Any CPU
		{8A0D1B5B-C70F-4F4F-932F-C01ADA0F0287}.Debug|Any CPU.Build.0 = Debug|Any CPU
		{8A0D1B5B-C70F-4F4F-932F-C01ADA0F0287}.Release|Any CPU.ActiveCfg = Release|Any CPU
		{8A0D1B5B-C70F-4F4F-932F-C01ADA0F0287}.Release|Any CPU.Build.0 = Release|Any CPU
	EndGlobalSection
	GlobalSection(SolutionProperties) = preSolution
		HideSolutionNode = FALSE
	EndGlobalSection
	GlobalSection(ExtensibilityGlobals) = postSolution
		SolutionGuid = {81AC6D8F-0F2F-4FE7-94EE-B68F7FC2F45D}
	EndGlobalSection
EndGlobal
